
Microsoft Visual Studio Solution File, Format Version 12.00
# Visual Studio Version 16
VisualStudioVersion = 16.0.31911.196
MinimumVisualStudioVersion = 10.0.40219.1
Project("{8BC9CEB8-8B4A-11D0-8D11-00A0C91BC942}") = "server", "server\server.vcxproj", "{13F070C7-CA6A-4AD2-9A81-1B6FA19D3DDB}"
EndProject
Project("{8BC9CEB8-8B4A-11D0-8D11-00A0C91BC942}") = "client", "client\client.vcxproj", "{738E8A04-2ED5-4513-B41D-378F06C59A77}"
EndProject
Global
	GlobalSection(SolutionConfigurationPlatforms) = preSolution
		Debug|x64 = Debug|x64
		Debug|x86 = Debug|x86
		Release|x64 = Release|x64
		Release|x86 = Release|x86
	EndGlobalSection
	GlobalSection(ProjectConfigurationPlatforms) = postSolution
		{13F070C7-CA6A-4AD2-9A81-1B6FA19D3DDB}.Debug|x64.ActiveCfg = Debug|x64
		{13F070C7-CA6A-4AD2-9A81-1B6FA19D3DDB}.Debug|x64.Build.0 = Debug|x64
		{13F070C7-CA6A-4AD2-9A81-1B6FA19D3DDB}.Debug|x86.ActiveCfg = Debug|Win32
		{13F070C7-CA6A-4AD2-9A81-1B6FA19D3DDB}.Debug|x86.Build.0 = Debug|Win32
		{13F070C7-CA6A-4AD2-9A81-1B6FA19D3DDB}.Release|x64.ActiveCfg = Release|x64
		{13F070C7-CA6A-4AD2-9A81-1B6FA19D3DDB}.Release|x64.Build.0 = Release|x64
		{13F070C7-CA6A-4AD2-9A81-1B6FA19D3DDB}.Release|x86.ActiveCfg = Release|Win32
		{13F070C7-CA6A-4AD2-9A81-1B6FA19D3DDB}.Release|x86.Build.0 = Release|Win32
		{738E8A04-2ED5-4513-B41D-378F06C59A77}.Debug|x64.ActiveCfg = Debug|x64
		{738E8A04-2ED5-4513-B41D-378F06C59A77}.Debug|x64.Build.0 = Debug|x64
		{738E8A04-2ED5-4513-B41D-378F06C59A77}.Debug|x86.ActiveCfg = Debug|Win32
		{738E8A04-2ED5-4513-B41D-378F06C59A77}.Debug|x86.Build.0 = Debug|Win32
		{738E8A04-2ED5-4513-B41D-378F06C59A77}.Release|x64.ActiveCfg = Release|x64
		{738E8A04-2ED5-4513-B41D-378F06C59A77}.Release|x64.Build.0 = Release|x64
		{738E8A04-2ED5-4513-B41D-378F06C59A77}.Release|x86.ActiveCfg = Release|Win32
		{738E8A04-2ED5-4513-B41D-378F06C59A77}.Release|x86.Build.0 = Release|Win32
	EndGlobalSection
	GlobalSection(SolutionProperties) = preSolution
		HideSolutionNode = FALSE
	EndGlobalSection
	GlobalSection(ExtensibilityGlobals) = postSolution
		SolutionGuid = {191EF9EB-B5FE-45E9-89D5-0AC906F8B74E}
	EndGlobalSection
EndGlobal
